
Microsoft Visual Studio Solution File, Format Version 12.00
Project("{FAE04EC0-301F-11D3-BF4B-00C04F79EFBC}") = "laboratoryWork_6", "laboratoryWork_6\laboratoryWork_6.csproj", "{29A57CF7-9ED1-44F0-BE1F-1FFE87022E00}"
EndProject
Global
	GlobalSection(SolutionConfigurationPlatforms) = preSolution
		Debug|Any CPU = Debug|Any CPU
		Release|Any CPU = Release|Any CPU
	EndGlobalSection
	GlobalSection(ProjectConfigurationPlatforms) = postSolution
		{29A57CF7-9ED1-44F0-BE1F-1FFE87022E00}.Debug|Any CPU.ActiveCfg = Debug|Any CPU
		{29A57CF7-9ED1-44F0-BE1F-1FFE87022E00}.Debug|Any CPU.Build.0 = Debug|Any CPU
		{29A57CF7-9ED1-44F0-BE1F-1FFE87022E00}.Release|Any CPU.ActiveCfg = Release|Any CPU
		{29A57CF7-9ED1-44F0-BE1F-1FFE87022E00}.Release|Any CPU.Build.0 = Release|Any CPU
	EndGlobalSection
EndGlobal
