
Microsoft Visual Studio Solution File, Format Version 12.00
Project("{FAE04EC0-301F-11D3-BF4B-00C04F79EFBC}") = "laboratoryWork_7", "laboratoryWork_7\laboratoryWork_7.csproj", "{AB82B01C-AA88-46FD-B957-EB20016CBF9C}"
EndProject
Global
	GlobalSection(SolutionConfigurationPlatforms) = preSolution
		Debug|Any CPU = Debug|Any CPU
		Release|Any CPU = Release|Any CPU
	EndGlobalSection
	GlobalSection(ProjectConfigurationPlatforms) = postSolution
		{AB82B01C-AA88-46FD-B957-EB20016CBF9C}.Debug|Any CPU.ActiveCfg = Debug|Any CPU
		{AB82B01C-AA88-46FD-B957-EB20016CBF9C}.Debug|Any CPU.Build.0 = Debug|Any CPU
		{AB82B01C-AA88-46FD-B957-EB20016CBF9C}.Release|Any CPU.ActiveCfg = Release|Any CPU
		{AB82B01C-AA88-46FD-B957-EB20016CBF9C}.Release|Any CPU.Build.0 = Release|Any CPU
	EndGlobalSection
EndGlobal
