
Microsoft Visual Studio Solution File, Format Version 12.00
Project("{FAE04EC0-301F-11D3-BF4B-00C04F79EFBC}") = "laboratoryWork_4", "laboratoryWork_4\laboratoryWork_4.csproj", "{906A8F42-C327-4362-BD94-A0E4F4B5939C}"
EndProject
Global
	GlobalSection(SolutionConfigurationPlatforms) = preSolution
		Debug|Any CPU = Debug|Any CPU
		Release|Any CPU = Release|Any CPU
	EndGlobalSection
	GlobalSection(ProjectConfigurationPlatforms) = postSolution
		{906A8F42-C327-4362-BD94-A0E4F4B5939C}.Debug|Any CPU.ActiveCfg = Debug|Any CPU
		{906A8F42-C327-4362-BD94-A0E4F4B5939C}.Debug|Any CPU.Build.0 = Debug|Any CPU
		{906A8F42-C327-4362-BD94-A0E4F4B5939C}.Release|Any CPU.ActiveCfg = Release|Any CPU
		{906A8F42-C327-4362-BD94-A0E4F4B5939C}.Release|Any CPU.Build.0 = Release|Any CPU
	EndGlobalSection
EndGlobal
