
Microsoft Visual Studio Solution File, Format Version 12.00
Project("{FAE04EC0-301F-11D3-BF4B-00C04F79EFBC}") = "laboratoryWork_1", "laboratoryWork_1\laboratoryWork_1.csproj", "{E8EDCD19-A2D7-48B8-99D2-254F80522178}"
EndProject
Global
	GlobalSection(SolutionConfigurationPlatforms) = preSolution
		Debug|Any CPU = Debug|Any CPU
		Release|Any CPU = Release|Any CPU
	EndGlobalSection
	GlobalSection(ProjectConfigurationPlatforms) = postSolution
		{E8EDCD19-A2D7-48B8-99D2-254F80522178}.Debug|Any CPU.ActiveCfg = Debug|Any CPU
		{E8EDCD19-A2D7-48B8-99D2-254F80522178}.Debug|Any CPU.Build.0 = Debug|Any CPU
		{E8EDCD19-A2D7-48B8-99D2-254F80522178}.Release|Any CPU.ActiveCfg = Release|Any CPU
		{E8EDCD19-A2D7-48B8-99D2-254F80522178}.Release|Any CPU.Build.0 = Release|Any CPU
	EndGlobalSection
EndGlobal
