
Microsoft Visual Studio Solution File, Format Version 12.00
# Visual Studio Version 17
VisualStudioVersion = 17.3.32901.215
MinimumVisualStudioVersion = 10.0.40219.1
Project("{9A19103F-16F7-4668-BE54-9A1E7A4F7556}") = "fraction", "fraction\fraction.csproj", "{D5781BE6-BDEB-417B-A406-0014B23F2608}"
EndProject
Project("{9A19103F-16F7-4668-BE54-9A1E7A4F7556}") = "UnitTests", "UnitTests\UnitTests.csproj", "{70E0A4B9-EA1D-404B-9E9D-475DE1112229}"
EndProject
Global
	GlobalSection(SolutionConfigurationPlatforms) = preSolution
		Debug|Any CPU = Debug|Any CPU
		Release|Any CPU = Release|Any CPU
	EndGlobalSection
	GlobalSection(ProjectConfigurationPlatforms) = postSolution
		{D5781BE6-BDEB-417B-A406-0014B23F2608}.Debug|Any CPU.ActiveCfg = Debug|Any CPU
		{D5781BE6-BDEB-417B-A406-0014B23F2608}.Debug|Any CPU.Build.0 = Debug|Any CPU
		{D5781BE6-BDEB-417B-A406-0014B23F2608}.Release|Any CPU.ActiveCfg = Release|Any CPU
		{D5781BE6-BDEB-417B-A406-0014B23F2608}.Release|Any CPU.Build.0 = Release|Any CPU
		{70E0A4B9-EA1D-404B-9E9D-475DE1112229}.Debug|Any CPU.ActiveCfg = Debug|Any CPU
		{70E0A4B9-EA1D-404B-9E9D-475DE1112229}.Debug|Any CPU.Build.0 = Debug|Any CPU
		{70E0A4B9-EA1D-404B-9E9D-475DE1112229}.Release|Any CPU.ActiveCfg = Release|Any CPU
		{70E0A4B9-EA1D-404B-9E9D-475DE1112229}.Release|Any CPU.Build.0 = Release|Any CPU
	EndGlobalSection
	GlobalSection(SolutionProperties) = preSolution
		HideSolutionNode = FALSE
	EndGlobalSection
	GlobalSection(ExtensibilityGlobals) = postSolution
		SolutionGuid = {99663AB3-B6B6-4DBE-B2B3-EFFE1D14566B}
	EndGlobalSection
EndGlobal
